// !$*UTF8*$!
{
	archiveVersion = 1;
	classes = {
	};
	objectVersion = 55;
	objects = {

/* Begin PBXBuildFile section */
		B29967162851EF20005DB729 /* NotinoBaseVisualApp.swift in Sources */ = {isa = PBXBuildFile; fileRef = B29967152851EF20005DB729 /* NotinoBaseVisualApp.swift */; };
		B29967182851EF20005DB729 /* ContentView.swift in Sources */ = {isa = PBXBuildFile; fileRef = B29967172851EF20005DB729 /* ContentView.swift */; };
		B299671A2851EF23005DB729 /* Assets.xcassets in Resources */ = {isa = PBXBuildFile; fileRef = B29967192851EF23005DB729 /* Assets.xcassets */; };
		B299672428527708005DB729 /* ProductView.swift in Sources */ = {isa = PBXBuildFile; fileRef = B299672328527708005DB729 /* ProductView.swift */; };
		B299672F285293A9005DB729 /* BaseImage.swift in Sources */ = {isa = PBXBuildFile; fileRef = B299672E285293A9005DB729 /* BaseImage.swift */; };
		B29967332852A172005DB729 /* CatalogProduct.swift in Sources */ = {isa = PBXBuildFile; fileRef = B29967322852A172005DB729 /* CatalogProduct.swift */; };
		B29967362852A2F9005DB729 /* MockProducts.swift in Sources */ = {isa = PBXBuildFile; fileRef = B29967352852A2F9005DB729 /* MockProducts.swift */; };
		B29967392852B5A1005DB729 /* BoardViewModel.swift in Sources */ = {isa = PBXBuildFile; fileRef = B29967382852B5A1005DB729 /* BoardViewModel.swift */; };
		B2A22844285CDE0700A5C3B7 /* ImageView.swift in Sources */ = {isa = PBXBuildFile; fileRef = B2A22843285CDE0700A5C3B7 /* ImageView.swift */; };
		B2BAB9582853CFBE0052FD7B /* Strings.swift in Sources */ = {isa = PBXBuildFile; fileRef = B2BAB9572853CFBE0052FD7B /* Strings.swift */; };
		B2BAB95A2856861F0052FD7B /* PersistentStore.swift in Sources */ = {isa = PBXBuildFile; fileRef = B2BAB9592856861F0052FD7B /* PersistentStore.swift */; };
		B2BAB95C2857623E0052FD7B /* RatingView.swift in Sources */ = {isa = PBXBuildFile; fileRef = B2BAB95B2857623E0052FD7B /* RatingView.swift */; };
/* End PBXBuildFile section */

/* Begin PBXFileReference section */
		B29967122851EF20005DB729 /* NotinoBaseVisual.app */ = {isa = PBXFileReference; explicitFileType = wrapper.application; includeInIndex = 0; path = NotinoBaseVisual.app; sourceTree = BUILT_PRODUCTS_DIR; };
		B29967152851EF20005DB729 /* NotinoBaseVisualApp.swift */ = {isa = PBXFileReference; lastKnownFileType = sourcecode.swift; path = NotinoBaseVisualApp.swift; sourceTree = "<group>"; };
		B29967172851EF20005DB729 /* ContentView.swift */ = {isa = PBXFileReference; lastKnownFileType = sourcecode.swift; path = ContentView.swift; sourceTree = "<group>"; };
		B29967192851EF23005DB729 /* Assets.xcassets */ = {isa = PBXFileReference; lastKnownFileType = folder.assetcatalog; path = Assets.xcassets; sourceTree = "<group>"; };
		B299672328527708005DB729 /* ProductView.swift */ = {isa = PBXFileReference; lastKnownFileType = sourcecode.swift; path = ProductView.swift; sourceTree = "<group>"; };
		B299672E285293A9005DB729 /* BaseImage.swift */ = {isa = PBXFileReference; lastKnownFileType = sourcecode.swift; path = BaseImage.swift; sourceTree = "<group>"; };
		B29967322852A172005DB729 /* CatalogProduct.swift */ = {isa = PBXFileReference; lastKnownFileType = sourcecode.swift; path = CatalogProduct.swift; sourceTree = "<group>"; };
		B29967352852A2F9005DB729 /* MockProducts.swift */ = {isa = PBXFileReference; lastKnownFileType = sourcecode.swift; path = MockProducts.swift; sourceTree = "<group>"; };
		B29967382852B5A1005DB729 /* BoardViewModel.swift */ = {isa = PBXFileReference; lastKnownFileType = sourcecode.swift; path = BoardViewModel.swift; sourceTree = "<group>"; };
		B2A22843285CDE0700A5C3B7 /* ImageView.swift */ = {isa = PBXFileReference; lastKnownFileType = sourcecode.swift; path = ImageView.swift; sourceTree = "<group>"; };
		B2BAB9572853CFBE0052FD7B /* Strings.swift */ = {isa = PBXFileReference; lastKnownFileType = sourcecode.swift; path = Strings.swift; sourceTree = "<group>"; };
		B2BAB9592856861F0052FD7B /* PersistentStore.swift */ = {isa = PBXFileReference; lastKnownFileType = sourcecode.swift; path = PersistentStore.swift; sourceTree = "<group>"; };
		B2BAB95B2857623E0052FD7B /* RatingView.swift */ = {isa = PBXFileReference; lastKnownFileType = sourcecode.swift; path = RatingView.swift; sourceTree = "<group>"; };
/* End PBXFileReference section */

/* Begin PBXFrameworksBuildPhase section */
		B299670F2851EF20005DB729 /* Frameworks */ = {
			isa = PBXFrameworksBuildPhase;
			buildActionMask = 2147483647;
			files = (
			);
			runOnlyForDeploymentPostprocessing = 0;
		};
/* End PBXFrameworksBuildPhase section */

/* Begin PBXGroup section */
		B29967092851EF20005DB729 = {
			isa = PBXGroup;
			children = (
				B29967142851EF20005DB729 /* NotinoBaseVisual */,
				B29967132851EF20005DB729 /* Products */,
			);
			sourceTree = "<group>";
		};
		B29967132851EF20005DB729 /* Products */ = {
			isa = PBXGroup;
			children = (
				B29967122851EF20005DB729 /* NotinoBaseVisual.app */,
			);
			name = Products;
			sourceTree = "<group>";
		};
		B29967142851EF20005DB729 /* NotinoBaseVisual */ = {
			isa = PBXGroup;
			children = (
				B29967152851EF20005DB729 /* NotinoBaseVisualApp.swift */,
				B2BAB9592856861F0052FD7B /* PersistentStore.swift */,
				B29967312852A15D005DB729 /* View */,
				B29967302852A156005DB729 /* Model */,
				B29967372852B564005DB729 /* ViewModel */,
				B29967342852A2E0005DB729 /* Mock */,
				B299672528527B94005DB729 /* Resources */,
			);
			path = NotinoBaseVisual;
			sourceTree = "<group>";
		};
		B299672528527B94005DB729 /* Resources */ = {
			isa = PBXGroup;
			children = (
				B29967192851EF23005DB729 /* Assets.xcassets */,
				B299672E285293A9005DB729 /* BaseImage.swift */,
				B2BAB9572853CFBE0052FD7B /* Strings.swift */,
			);
			path = Resources;
			sourceTree = "<group>";
		};
		B29967302852A156005DB729 /* Model */ = {
			isa = PBXGroup;
			children = (
				B29967322852A172005DB729 /* CatalogProduct.swift */,
			);
			path = Model;
			sourceTree = "<group>";
		};
		B29967312852A15D005DB729 /* View */ = {
			isa = PBXGroup;
			children = (
				B29967172851EF20005DB729 /* ContentView.swift */,
				B299672328527708005DB729 /* ProductView.swift */,
				B2A22843285CDE0700A5C3B7 /* ImageView.swift */,
				B2BAB95B2857623E0052FD7B /* RatingView.swift */,
			);
			path = View;
			sourceTree = "<group>";
		};
		B29967342852A2E0005DB729 /* Mock */ = {
			isa = PBXGroup;
			children = (
				B29967352852A2F9005DB729 /* MockProducts.swift */,
			);
			path = Mock;
			sourceTree = "<group>";
		};
		B29967372852B564005DB729 /* ViewModel */ = {
			isa = PBXGroup;
			children = (
				B29967382852B5A1005DB729 /* BoardViewModel.swift */,
			);
			path = ViewModel;
			sourceTree = "<group>";
		};
/* End PBXGroup section */

/* Begin PBXNativeTarget section */
		B29967112851EF20005DB729 /* NotinoBaseVisual */ = {
			isa = PBXNativeTarget;
			buildConfigurationList = B29967202851EF23005DB729 /* Build configuration list for PBXNativeTarget "NotinoBaseVisual" */;
			buildPhases = (
				B299670E2851EF20005DB729 /* Sources */,
				B299670F2851EF20005DB729 /* Frameworks */,
				B29967102851EF20005DB729 /* Resources */,
			);
			buildRules = (
			);
			dependencies = (
			);
			name = NotinoBaseVisual;
			productName = NotinoBaseVisual;
			productReference = B29967122851EF20005DB729 /* NotinoBaseVisual.app */;
			productType = "com.apple.product-type.application";
		};
/* End PBXNativeTarget section */

/* Begin PBXProject section */
		B299670A2851EF20005DB729 /* Project object */ = {
			isa = PBXProject;
			attributes = {
				BuildIndependentTargetsInParallel = 1;
				LastSwiftUpdateCheck = 1340;
				LastUpgradeCheck = 1340;
				TargetAttributes = {
					B29967112851EF20005DB729 = {
						CreatedOnToolsVersion = 13.4.1;
					};
				};
			};
			buildConfigurationList = B299670D2851EF20005DB729 /* Build configuration list for PBXProject "NotinoBaseVisual" */;
			compatibilityVersion = "Xcode 13.0";
			developmentRegion = en;
			hasScannedForEncodings = 0;
			knownRegions = (
				en,
				Base,
			);
			mainGroup = B29967092851EF20005DB729;
			productRefGroup = B29967132851EF20005DB729 /* Products */;
			projectDirPath = "";
			projectRoot = "";
			targets = (
				B29967112851EF20005DB729 /* NotinoBaseVisual */,
			);
		};
/* End PBXProject section */

/* Begin PBXResourcesBuildPhase section */
		B29967102851EF20005DB729 /* Resources */ = {
			isa = PBXResourcesBuildPhase;
			buildActionMask = 2147483647;
			files = (
				B299671A2851EF23005DB729 /* Assets.xcassets in Resources */,
			);
			runOnlyForDeploymentPostprocessing = 0;
		};
/* End PBXResourcesBuildPhase section */

/* Begin PBXSourcesBuildPhase section */
		B299670E2851EF20005DB729 /* Sources */ = {
			isa = PBXSourcesBuildPhase;
			buildActionMask = 2147483647;
			files = (
				B2A22844285CDE0700A5C3B7 /* ImageView.swift in Sources */,
				B29967182851EF20005DB729 /* ContentView.swift in Sources */,
				B299672428527708005DB729 /* ProductView.swift in Sources */,
				B2BAB9582853CFBE0052FD7B /* Strings.swift in Sources */,
				B2BAB95C2857623E0052FD7B /* RatingView.swift in Sources */,
				B29967332852A172005DB729 /* CatalogProduct.swift in Sources */,
				B29967162851EF20005DB729 /* NotinoBaseVisualApp.swift in Sources */,
				B299672F285293A9005DB729 /* BaseImage.swift in Sources */,
				B29967362852A2F9005DB729 /* MockProducts.swift in Sources */,
				B29967392852B5A1005DB729 /* BoardViewModel.swift in Sources */,
				B2BAB95A2856861F0052FD7B /* PersistentStore.swift in Sources */,
			);
			runOnlyForDeploymentPostprocessing = 0;
		};
/* End PBXSourcesBuildPhase section */

/* Begin XCBuildConfiguration section */
		B299671E2851EF23005DB729 /* Debug */ = {
			isa = XCBuildConfiguration;
			buildSettings = {
				ALWAYS_SEARCH_USER_PATHS = NO;
				CLANG_ANALYZER_NONNULL = YES;
				CLANG_ANALYZER_NUMBER_OBJECT_CONVERSION = YES_AGGRESSIVE;
				CLANG_CXX_LANGUAGE_STANDARD = "gnu++17";
				CLANG_ENABLE_MODULES = YES;
				CLANG_ENABLE_OBJC_ARC = YES;
				CLANG_ENABLE_OBJC_WEAK = YES;
				CLANG_WARN_BLOCK_CAPTURE_AUTORELEASING = YES;
				CLANG_WARN_BOOL_CONVERSION = YES;
				CLANG_WARN_COMMA = YES;
				CLANG_WARN_CONSTANT_CONVERSION = YES;
				CLANG_WARN_DEPRECATED_OBJC_IMPLEMENTATIONS = YES;
				CLANG_WARN_DIRECT_OBJC_ISA_USAGE = YES_ERROR;
				CLANG_WARN_DOCUMENTATION_COMMENTS = YES;
				CLANG_WARN_EMPTY_BODY = YES;
				CLANG_WARN_ENUM_CONVERSION = YES;
				CLANG_WARN_INFINITE_RECURSION = YES;
				CLANG_WARN_INT_CONVERSION = YES;
				CLANG_WARN_NON_LITERAL_NULL_CONVERSION = YES;
				CLANG_WARN_OBJC_IMPLICIT_RETAIN_SELF = YES;
				CLANG_WARN_OBJC_LITERAL_CONVERSION = YES;
				CLANG_WARN_OBJC_ROOT_CLASS = YES_ERROR;
				CLANG_WARN_QUOTED_INCLUDE_IN_FRAMEWORK_HEADER = YES;
				CLANG_WARN_RANGE_LOOP_ANALYSIS = YES;
				CLANG_WARN_STRICT_PROTOTYPES = YES;
				CLANG_WARN_SUSPICIOUS_MOVE = YES;
				CLANG_WARN_UNGUARDED_AVAILABILITY = YES_AGGRESSIVE;
				CLANG_WARN_UNREACHABLE_CODE = YES;
				CLANG_WARN__DUPLICATE_METHOD_MATCH = YES;
				COPY_PHASE_STRIP = NO;
				DEBUG_INFORMATION_FORMAT = dwarf;
				ENABLE_STRICT_OBJC_MSGSEND = YES;
				ENABLE_TESTABILITY = YES;
				GCC_C_LANGUAGE_STANDARD = gnu11;
				GCC_DYNAMIC_NO_PIC = NO;
				GCC_NO_COMMON_BLOCKS = YES;
				GCC_OPTIMIZATION_LEVEL = 0;
				GCC_PREPROCESSOR_DEFINITIONS = (
					"DEBUG=1",
					"$(inherited)",
				);
				GCC_WARN_64_TO_32_BIT_CONVERSION = YES;
				GCC_WARN_ABOUT_RETURN_TYPE = YES_ERROR;
				GCC_WARN_UNDECLARED_SELECTOR = YES;
				GCC_WARN_UNINITIALIZED_AUTOS = YES_AGGRESSIVE;
				GCC_WARN_UNUSED_FUNCTION = YES;
				GCC_WARN_UNUSED_VARIABLE = YES;
				IPHONEOS_DEPLOYMENT_TARGET = 15.5;
				MTL_ENABLE_DEBUG_INFO = INCLUDE_SOURCE;
				MTL_FAST_MATH = YES;
				ONLY_ACTIVE_ARCH = YES;
				SDKROOT = iphoneos;
				SWIFT_ACTIVE_COMPILATION_CONDITIONS = DEBUG;
				SWIFT_OPTIMIZATION_LEVEL = "-Onone";
			};
			name = Debug;
		};
		B299671F2851EF23005DB729 /* Release */ = {
			isa = XCBuildConfiguration;
			buildSettings = {
				ALWAYS_SEARCH_USER_PATHS = NO;
				CLANG_ANALYZER_NONNULL = YES;
				CLANG_ANALYZER_NUMBER_OBJECT_CONVERSION = YES_AGGRESSIVE;
				CLANG_CXX_LANGUAGE_STANDARD = "gnu++17";
				CLANG_ENABLE_MODULES = YES;
				CLANG_ENABLE_OBJC_ARC = YES;
				CLANG_ENABLE_OBJC_WEAK = YES;
				CLANG_WARN_BLOCK_CAPTURE_AUTORELEASING = YES;
				CLANG_WARN_BOOL_CONVERSION = YES;
				CLANG_WARN_COMMA = YES;
				CLANG_WARN_CONSTANT_CONVERSION = YES;
				CLANG_WARN_DEPRECATED_OBJC_IMPLEMENTATIONS = YES;
				CLANG_WARN_DIRECT_OBJC_ISA_USAGE = YES_ERROR;
				CLANG_WARN_DOCUMENTATION_COMMENTS = YES;
				CLANG_WARN_EMPTY_BODY = YES;
				CLANG_WARN_ENUM_CONVERSION = YES;
				CLANG_WARN_INFINITE_RECURSION = YES;
				CLANG_WARN_INT_CONVERSION = YES;
				CLANG_WARN_NON_LITERAL_NULL_CONVERSION = YES;
				CLANG_WARN_OBJC_IMPLICIT_RETAIN_SELF = YES;
				CLANG_WARN_OBJC_LITERAL_CONVERSION = YES;
				CLANG_WARN_OBJC_ROOT_CLASS = YES_ERROR;
				CLANG_WARN_QUOTED_INCLUDE_IN_FRAMEWORK_HEADER = YES;
				CLANG_WARN_RANGE_LOOP_ANALYSIS = YES;
				CLANG_WARN_STRICT_PROTOTYPES = YES;
				CLANG_WARN_SUSPICIOUS_MOVE = YES;
				CLANG_WARN_UNGUARDED_AVAILABILITY = YES_AGGRESSIVE;
				CLANG_WARN_UNREACHABLE_CODE = YES;
				CLANG_WARN__DUPLICATE_METHOD_MATCH = YES;
				COPY_PHASE_STRIP = NO;
				DEBUG_INFORMATION_FORMAT = "dwarf-with-dsym";
				ENABLE_NS_ASSERTIONS = NO;
				ENABLE_STRICT_OBJC_MSGSEND = YES;
				GCC_C_LANGUAGE_STANDARD = gnu11;
				GCC_NO_COMMON_BLOCKS = YES;
				GCC_WARN_64_TO_32_BIT_CONVERSION = YES;
				GCC_WARN_ABOUT_RETURN_TYPE = YES_ERROR;
				GCC_WARN_UNDECLARED_SELECTOR = YES;
				GCC_WARN_UNINITIALIZED_AUTOS = YES_AGGRESSIVE;
				GCC_WARN_UNUSED_FUNCTION = YES;
				GCC_WARN_UNUSED_VARIABLE = YES;
				IPHONEOS_DEPLOYMENT_TARGET = 15.5;
				MTL_ENABLE_DEBUG_INFO = NO;
				MTL_FAST_MATH = YES;
				SDKROOT = iphoneos;
				SWIFT_COMPILATION_MODE = wholemodule;
				SWIFT_OPTIMIZATION_LEVEL = "-O";
				VALIDATE_PRODUCT = YES;
			};
			name = Release;
		};
		B29967212851EF23005DB729 /* Debug */ = {
			isa = XCBuildConfiguration;
			buildSettings = {
				ASSETCATALOG_COMPILER_APPICON_NAME = AppIcon;
				ASSETCATALOG_COMPILER_GLOBAL_ACCENT_COLOR_NAME = AccentColor;
				CODE_SIGN_STYLE = Automatic;
				CURRENT_PROJECT_VERSION = 1;
				DEVELOPMENT_ASSET_PATHS = "";
				DEVELOPMENT_TEAM = RL34KUMN9E;
				ENABLE_PREVIEWS = YES;
				GENERATE_INFOPLIST_FILE = YES;
				INFOPLIST_KEY_UIApplicationSceneManifest_Generation = YES;
				INFOPLIST_KEY_UIApplicationSupportsIndirectInputEvents = YES;
				INFOPLIST_KEY_UILaunchScreen_Generation = YES;
				INFOPLIST_KEY_UISupportedInterfaceOrientations_iPad = "UIInterfaceOrientationPortrait UIInterfaceOrientationPortraitUpsideDown UIInterfaceOrientationLandscapeLeft UIInterfaceOrientationLandscapeRight";
				INFOPLIST_KEY_UISupportedInterfaceOrientations_iPhone = "UIInterfaceOrientationPortrait UIInterfaceOrientationLandscapeLeft UIInterfaceOrientationLandscapeRight";
				LD_RUNPATH_SEARCH_PATHS = (
					"$(inherited)",
					"@executable_path/Frameworks",
				);
				MARKETING_VERSION = 1.0;
				PRODUCT_BUNDLE_IDENTIFIER = antoniSoft.NotinoBaseVisual;
				PRODUCT_NAME = "$(TARGET_NAME)";
				SWIFT_EMIT_LOC_STRINGS = YES;
				SWIFT_VERSION = 5.0;
				TARGETED_DEVICE_FAMILY = "1,2";
			};
			name = Debug;
		};
		B29967222851EF23005DB729 /* Release */ = {
			isa = XCBuildConfiguration;
			buildSettings = {
				ASSETCATALOG_COMPILER_APPICON_NAME = AppIcon;
				ASSETCATALOG_COMPILER_GLOBAL_ACCENT_COLOR_NAME = AccentColor;
				CODE_SIGN_STYLE = Automatic;
				CURRENT_PROJECT_VERSION = 1;
				DEVELOPMENT_ASSET_PATHS = "";
				DEVELOPMENT_TEAM = RL34KUMN9E;
				ENABLE_PREVIEWS = YES;
				GENERATE_INFOPLIST_FILE = YES;
				INFOPLIST_KEY_UIApplicationSceneManifest_Generation = YES;
				INFOPLIST_KEY_UIApplicationSupportsIndirectInputEvents = YES;
				INFOPLIST_KEY_UILaunchScreen_Generation = YES;
				INFOPLIST_KEY_UISupportedInterfaceOrientations_iPad = "UIInterfaceOrientationPortrait UIInterfaceOrientationPortraitUpsideDown UIInterfaceOrientationLandscapeLeft UIInterfaceOrientationLandscapeRight";
				INFOPLIST_KEY_UISupportedInterfaceOrientations_iPhone = "UIInterfaceOrientationPortrait UIInterfaceOrientationLandscapeLeft UIInterfaceOrientationLandscapeRight";
				LD_RUNPATH_SEARCH_PATHS = (
					"$(inherited)",
					"@executable_path/Frameworks",
				);
				MARKETING_VERSION = 1.0;
				PRODUCT_BUNDLE_IDENTIFIER = antoniSoft.NotinoBaseVisual;
				PRODUCT_NAME = "$(TARGET_NAME)";
				SWIFT_EMIT_LOC_STRINGS = YES;
				SWIFT_VERSION = 5.0;
				TARGETED_DEVICE_FAMILY = "1,2";
			};
			name = Release;
		};
/* End XCBuildConfiguration section */

/* Begin XCConfigurationList section */
		B299670D2851EF20005DB729 /* Build configuration list for PBXProject "NotinoBaseVisual" */ = {
			isa = XCConfigurationList;
			buildConfigurations = (
				B299671E2851EF23005DB729 /* Debug */,
				B299671F2851EF23005DB729 /* Release */,
			);
			defaultConfigurationIsVisible = 0;
			defaultConfigurationName = Release;
		};
		B29967202851EF23005DB729 /* Build configuration list for PBXNativeTarget "NotinoBaseVisual" */ = {
			isa = XCConfigurationList;
			buildConfigurations = (
				B29967212851EF23005DB729 /* Debug */,
				B29967222851EF23005DB729 /* Release */,
			);
			defaultConfigurationIsVisible = 0;
			defaultConfigurationName = Release;
		};
/* End XCConfigurationList section */
	};
	rootObject = B299670A2851EF20005DB729 /* Project object */;
}
